
Microsoft Visual Studio Solution File, Format Version 12.00
# Visual Studio 14
VisualStudioVersion = 14.0.24720.0
MinimumVisualStudioVersion = 10.0.40219.1
Project("{2150E333-8FDC-42A3-9474-1A3956D46DE8}") = "WorkFlow", "WorkFlow", "{A0C4CE72-6807-4D54-A6B6-DEAA6253589D}"
EndProject
Project("{FAE04EC0-301F-11D3-BF4B-00C04F79EFBC}") = "UserDesigner", "Code\WorkFlow\UserDesigner\UserDesigner.csproj", "{EE921519-14EA-4FB9-AD0B-FDD024AC8721}"
EndProject
Project("{FAE04EC0-301F-11D3-BF4B-00C04F79EFBC}") = "WFDesigner", "Code\WorkFlow\WFDesigner\WFDesigner.csproj", "{7200DBFC-0DC6-432E-A7A2-E0F1D9CEA749}"
EndProject
Project("{FAE04EC0-301F-11D3-BF4B-00C04F79EFBC}") = "Engine", "Code\WorkFlow\Engine\Engine.csproj", "{5F69B9D0-23C0-4CC6-8AE2-1D3D4468DAB2}"
EndProject
Project("{FAE04EC0-301F-11D3-BF4B-00C04F79EFBC}") = "Machine", "Code\WorkFlow\Machine\Machine.csproj", "{1376856C-7D01-43DB-89B9-2BF5AB841558}"
EndProject
Project("{FAE04EC0-301F-11D3-BF4B-00C04F79EFBC}") = "Machine.Design", "Code\WorkFlow\Machine.Design\Machine.Design.csproj", "{2A8209C3-243E-4B3B-80C0-9E48164D3254}"
EndProject
Project("{FAE04EC0-301F-11D3-BF4B-00C04F79EFBC}") = "ActivityLibrary", "Code\WorkFlow\ActivityLibrary\ActivityLibrary.csproj", "{58011CBE-710D-4E35-90E5-8C4F931E946B}"
EndProject
Project("{FAE04EC0-301F-11D3-BF4B-00C04F79EFBC}") = "WorkFlow.Core", "Code\WorkFlow\WorkFlow.Core\WorkFlow.Core.csproj", "{0ED1A604-576F-469E-AA1F-C6FCFECDD319}"
EndProject
Project("{FAE04EC0-301F-11D3-BF4B-00C04F79EFBC}") = "DocWebSite", "Code\DocWebSite\DocWebSite.csproj", "{099BBE7C-B3DE-4A62-B95F-71A9151254DC}"
EndProject
Global
	GlobalSection(SolutionConfigurationPlatforms) = preSolution
		Debug|Any CPU = Debug|Any CPU
		Debug|Mixed Platforms = Debug|Mixed Platforms
		Debug|x86 = Debug|x86
		Release|Any CPU = Release|Any CPU
		Release|Mixed Platforms = Release|Mixed Platforms
		Release|x86 = Release|x86
	EndGlobalSection
	GlobalSection(ProjectConfigurationPlatforms) = postSolution
		{EE921519-14EA-4FB9-AD0B-FDD024AC8721}.Debug|Any CPU.ActiveCfg = Debug|x86
		{EE921519-14EA-4FB9-AD0B-FDD024AC8721}.Debug|Mixed Platforms.ActiveCfg = Debug|x86
		{EE921519-14EA-4FB9-AD0B-FDD024AC8721}.Debug|Mixed Platforms.Build.0 = Debug|x86
		{EE921519-14EA-4FB9-AD0B-FDD024AC8721}.Debug|x86.ActiveCfg = Debug|x86
		{EE921519-14EA-4FB9-AD0B-FDD024AC8721}.Debug|x86.Build.0 = Debug|x86
		{EE921519-14EA-4FB9-AD0B-FDD024AC8721}.Release|Any CPU.ActiveCfg = Release|x86
		{EE921519-14EA-4FB9-AD0B-FDD024AC8721}.Release|Mixed Platforms.ActiveCfg = Release|x86
		{EE921519-14EA-4FB9-AD0B-FDD024AC8721}.Release|Mixed Platforms.Build.0 = Release|x86
		{EE921519-14EA-4FB9-AD0B-FDD024AC8721}.Release|x86.ActiveCfg = Release|x86
		{EE921519-14EA-4FB9-AD0B-FDD024AC8721}.Release|x86.Build.0 = Release|x86
		{7200DBFC-0DC6-432E-A7A2-E0F1D9CEA749}.Debug|Any CPU.ActiveCfg = Debug|x86
		{7200DBFC-0DC6-432E-A7A2-E0F1D9CEA749}.Debug|Mixed Platforms.ActiveCfg = Debug|x86
		{7200DBFC-0DC6-432E-A7A2-E0F1D9CEA749}.Debug|Mixed Platforms.Build.0 = Debug|x86
		{7200DBFC-0DC6-432E-A7A2-E0F1D9CEA749}.Debug|x86.ActiveCfg = Debug|x86
		{7200DBFC-0DC6-432E-A7A2-E0F1D9CEA749}.Debug|x86.Build.0 = Debug|x86
		{7200DBFC-0DC6-432E-A7A2-E0F1D9CEA749}.Release|Any CPU.ActiveCfg = Release|x86
		{7200DBFC-0DC6-432E-A7A2-E0F1D9CEA749}.Release|Mixed Platforms.ActiveCfg = Release|x86
		{7200DBFC-0DC6-432E-A7A2-E0F1D9CEA749}.Release|Mixed Platforms.Build.0 = Release|x86
		{7200DBFC-0DC6-432E-A7A2-E0F1D9CEA749}.Release|x86.ActiveCfg = Release|x86
		{7200DBFC-0DC6-432E-A7A2-E0F1D9CEA749}.Release|x86.Build.0 = Release|x86
		{5F69B9D0-23C0-4CC6-8AE2-1D3D4468DAB2}.Debug|Any CPU.ActiveCfg = Debug|Any CPU
		{5F69B9D0-23C0-4CC6-8AE2-1D3D4468DAB2}.Debug|Any CPU.Build.0 = Debug|Any CPU
		{5F69B9D0-23C0-4CC6-8AE2-1D3D4468DAB2}.Debug|Mixed Platforms.ActiveCfg = Debug|Any CPU
		{5F69B9D0-23C0-4CC6-8AE2-1D3D4468DAB2}.Debug|Mixed Platforms.Build.0 = Debug|Any CPU
		{5F69B9D0-23C0-4CC6-8AE2-1D3D4468DAB2}.Debug|x86.ActiveCfg = Debug|Any CPU
		{5F69B9D0-23C0-4CC6-8AE2-1D3D4468DAB2}.Release|Any CPU.ActiveCfg = Release|Any CPU
		{5F69B9D0-23C0-4CC6-8AE2-1D3D4468DAB2}.Release|Any CPU.Build.0 = Release|Any CPU
		{5F69B9D0-23C0-4CC6-8AE2-1D3D4468DAB2}.Release|Mixed Platforms.ActiveCfg = Release|Any CPU
		{5F69B9D0-23C0-4CC6-8AE2-1D3D4468DAB2}.Release|Mixed Platforms.Build.0 = Release|Any CPU
		{5F69B9D0-23C0-4CC6-8AE2-1D3D4468DAB2}.Release|x86.ActiveCfg = Release|Any CPU
		{1376856C-7D01-43DB-89B9-2BF5AB841558}.Debug|Any CPU.ActiveCfg = Debug|Any CPU
		{1376856C-7D01-43DB-89B9-2BF5AB841558}.Debug|Any CPU.Build.0 = Debug|Any CPU
		{1376856C-7D01-43DB-89B9-2BF5AB841558}.Debug|Mixed Platforms.ActiveCfg = Debug|Any CPU
		{1376856C-7D01-43DB-89B9-2BF5AB841558}.Debug|Mixed Platforms.Build.0 = Debug|Any CPU
		{1376856C-7D01-43DB-89B9-2BF5AB841558}.Debug|x86.ActiveCfg = Debug|Any CPU
		{1376856C-7D01-43DB-89B9-2BF5AB841558}.Release|Any CPU.ActiveCfg = Release|Any CPU
		{1376856C-7D01-43DB-89B9-2BF5AB841558}.Release|Any CPU.Build.0 = Release|Any CPU
		{1376856C-7D01-43DB-89B9-2BF5AB841558}.Release|Mixed Platforms.ActiveCfg = Release|Any CPU
		{1376856C-7D01-43DB-89B9-2BF5AB841558}.Release|Mixed Platforms.Build.0 = Release|Any CPU
		{1376856C-7D01-43DB-89B9-2BF5AB841558}.Release|x86.ActiveCfg = Release|Any CPU
		{2A8209C3-243E-4B3B-80C0-9E48164D3254}.Debug|Any CPU.ActiveCfg = Debug|Any CPU
		{2A8209C3-243E-4B3B-80C0-9E48164D3254}.Debug|Any CPU.Build.0 = Debug|Any CPU
		{2A8209C3-243E-4B3B-80C0-9E48164D3254}.Debug|Mixed Platforms.ActiveCfg = Debug|Any CPU
		{2A8209C3-243E-4B3B-80C0-9E48164D3254}.Debug|Mixed Platforms.Build.0 = Debug|Any CPU
		{2A8209C3-243E-4B3B-80C0-9E48164D3254}.Debug|x86.ActiveCfg = Debug|Any CPU
		{2A8209C3-243E-4B3B-80C0-9E48164D3254}.Release|Any CPU.ActiveCfg = Release|Any CPU
		{2A8209C3-243E-4B3B-80C0-9E48164D3254}.Release|Any CPU.Build.0 = Release|Any CPU
		{2A8209C3-243E-4B3B-80C0-9E48164D3254}.Release|Mixed Platforms.ActiveCfg = Release|Any CPU
		{2A8209C3-243E-4B3B-80C0-9E48164D3254}.Release|Mixed Platforms.Build.0 = Release|Any CPU
		{2A8209C3-243E-4B3B-80C0-9E48164D3254}.Release|x86.ActiveCfg = Release|Any CPU
		{58011CBE-710D-4E35-90E5-8C4F931E946B}.Debug|Any CPU.ActiveCfg = Debug|Any CPU
		{58011CBE-710D-4E35-90E5-8C4F931E946B}.Debug|Any CPU.Build.0 = Debug|Any CPU
		{58011CBE-710D-4E35-90E5-8C4F931E946B}.Debug|Mixed Platforms.ActiveCfg = Debug|Any CPU
		{58011CBE-710D-4E35-90E5-8C4F931E946B}.Debug|Mixed Platforms.Build.0 = Debug|Any CPU
		{58011CBE-710D-4E35-90E5-8C4F931E946B}.Debug|x86.ActiveCfg = Debug|Any CPU
		{58011CBE-710D-4E35-90E5-8C4F931E946B}.Release|Any CPU.ActiveCfg = Release|Any CPU
		{58011CBE-710D-4E35-90E5-8C4F931E946B}.Release|Any CPU.Build.0 = Release|Any CPU
		{58011CBE-710D-4E35-90E5-8C4F931E946B}.Release|Mixed Platforms.ActiveCfg = Release|Any CPU
		{58011CBE-710D-4E35-90E5-8C4F931E946B}.Release|Mixed Platforms.Build.0 = Release|Any CPU
		{58011CBE-710D-4E35-90E5-8C4F931E946B}.Release|x86.ActiveCfg = Release|Any CPU
		{0ED1A604-576F-469E-AA1F-C6FCFECDD319}.Debug|Any CPU.ActiveCfg = Debug|Any CPU
		{0ED1A604-576F-469E-AA1F-C6FCFECDD319}.Debug|Any CPU.Build.0 = Debug|Any CPU
		{0ED1A604-576F-469E-AA1F-C6FCFECDD319}.Debug|Mixed Platforms.ActiveCfg = Debug|Any CPU
		{0ED1A604-576F-469E-AA1F-C6FCFECDD319}.Debug|Mixed Platforms.Build.0 = Debug|Any CPU
		{0ED1A604-576F-469E-AA1F-C6FCFECDD319}.Debug|x86.ActiveCfg = Debug|Any CPU
		{0ED1A604-576F-469E-AA1F-C6FCFECDD319}.Debug|x86.Build.0 = Debug|Any CPU
		{0ED1A604-576F-469E-AA1F-C6FCFECDD319}.Release|Any CPU.ActiveCfg = Release|Any CPU
		{0ED1A604-576F-469E-AA1F-C6FCFECDD319}.Release|Any CPU.Build.0 = Release|Any CPU
		{0ED1A604-576F-469E-AA1F-C6FCFECDD319}.Release|Mixed Platforms.ActiveCfg = Release|Any CPU
		{0ED1A604-576F-469E-AA1F-C6FCFECDD319}.Release|Mixed Platforms.Build.0 = Release|Any CPU
		{0ED1A604-576F-469E-AA1F-C6FCFECDD319}.Release|x86.ActiveCfg = Release|Any CPU
		{0ED1A604-576F-469E-AA1F-C6FCFECDD319}.Release|x86.Build.0 = Release|Any CPU
		{099BBE7C-B3DE-4A62-B95F-71A9151254DC}.Debug|Any CPU.ActiveCfg = Debug|Any CPU
		{099BBE7C-B3DE-4A62-B95F-71A9151254DC}.Debug|Any CPU.Build.0 = Debug|Any CPU
		{099BBE7C-B3DE-4A62-B95F-71A9151254DC}.Debug|Mixed Platforms.ActiveCfg = Debug|Any CPU
		{099BBE7C-B3DE-4A62-B95F-71A9151254DC}.Debug|Mixed Platforms.Build.0 = Debug|Any CPU
		{099BBE7C-B3DE-4A62-B95F-71A9151254DC}.Debug|x86.ActiveCfg = Debug|Any CPU
		{099BBE7C-B3DE-4A62-B95F-71A9151254DC}.Debug|x86.Build.0 = Debug|Any CPU
		{099BBE7C-B3DE-4A62-B95F-71A9151254DC}.Release|Any CPU.ActiveCfg = Release|Any CPU
		{099BBE7C-B3DE-4A62-B95F-71A9151254DC}.Release|Any CPU.Build.0 = Release|Any CPU
		{099BBE7C-B3DE-4A62-B95F-71A9151254DC}.Release|Mixed Platforms.ActiveCfg = Release|Any CPU
		{099BBE7C-B3DE-4A62-B95F-71A9151254DC}.Release|Mixed Platforms.Build.0 = Release|Any CPU
		{099BBE7C-B3DE-4A62-B95F-71A9151254DC}.Release|x86.ActiveCfg = Release|Any CPU
		{099BBE7C-B3DE-4A62-B95F-71A9151254DC}.Release|x86.Build.0 = Release|Any CPU
	EndGlobalSection
	GlobalSection(SolutionProperties) = preSolution
		HideSolutionNode = FALSE
	EndGlobalSection
	GlobalSection(NestedProjects) = preSolution
		{EE921519-14EA-4FB9-AD0B-FDD024AC8721} = {A0C4CE72-6807-4D54-A6B6-DEAA6253589D}
		{7200DBFC-0DC6-432E-A7A2-E0F1D9CEA749} = {A0C4CE72-6807-4D54-A6B6-DEAA6253589D}
		{5F69B9D0-23C0-4CC6-8AE2-1D3D4468DAB2} = {A0C4CE72-6807-4D54-A6B6-DEAA6253589D}
		{1376856C-7D01-43DB-89B9-2BF5AB841558} = {A0C4CE72-6807-4D54-A6B6-DEAA6253589D}
		{2A8209C3-243E-4B3B-80C0-9E48164D3254} = {A0C4CE72-6807-4D54-A6B6-DEAA6253589D}
		{58011CBE-710D-4E35-90E5-8C4F931E946B} = {A0C4CE72-6807-4D54-A6B6-DEAA6253589D}
		{0ED1A604-576F-469E-AA1F-C6FCFECDD319} = {A0C4CE72-6807-4D54-A6B6-DEAA6253589D}
	EndGlobalSection
EndGlobal
