
Microsoft Visual Studio Solution File, Format Version 11.00
# Visual Studio 2010
Project("{FAE04EC0-301F-11D3-BF4B-00C04F79EFBC}") = "DBAccess", "DBAccess\DBAccess.csproj", "{915A9C1E-0D22-433F-A8A3-6DF29F7B1EED}"
EndProject
Project("{FAE04EC0-301F-11D3-BF4B-00C04F79EFBC}") = "BLL", "BLL\BLL.csproj", "{A2C2571F-E3D2-43D8-A48D-414394147841}"
EndProject
Project("{FAE04EC0-301F-11D3-BF4B-00C04F79EFBC}") = "DAL", "DAL\DAL.csproj", "{8B33F5B7-0165-427A-92F7-96B48B7DB92A}"
EndProject
Project("{FAE04EC0-301F-11D3-BF4B-00C04F79EFBC}") = "Commons", "Commons\Commons.csproj", "{B84415E7-C6B0-4C2A-80AB-B00007FD0A04}"
EndProject
Project("{FAE04EC0-301F-11D3-BF4B-00C04F79EFBC}") = "Model", "Model\Model.csproj", "{2DB40AF1-36E8-476A-9E4B-19712B88C4E0}"
EndProject
Project("{2150E333-8FDC-42A3-9474-1A3956D46DE8}") = "WorkFlow", "WorkFlow", "{A0C4CE72-6807-4D54-A6B6-DEAA6253589D}"
EndProject
Project("{E24C65DC-7377-472B-9ABA-BC803B73C61A}") = "WebSite", "WebSite\", "{91557317-A83A-4911-A336-6168E3B0BCD5}"
	ProjectSection(WebsiteProperties) = preProject
		TargetFrameworkMoniker = ".NETFramework,Version%3Dv4.0"
		ProjectReferences = "{A2C2571F-E3D2-43D8-A48D-414394147841}|BLL.dll;{8B33F5B7-0165-427A-92F7-96B48B7DB92A}|DAL.dll;{915A9C1E-0D22-433F-A8A3-6DF29F7B1EED}|DBAccess.dll;{2DB40AF1-36E8-476A-9E4B-19712B88C4E0}|Model.dll;{B84415E7-C6B0-4C2A-80AB-B00007FD0A04}|Commons.dll;{242D3549-ACCB-4830-B991-BA24F7E76E9E}|XMLTool.dll;{5F69B9D0-23C0-4CC6-8AE2-1D3D4468DAB2}|Engine.dll;{AB020DD7-28EE-4B03-A972-83987EA6638E}|WorkflowStruct.dll;{58011CBE-710D-4E35-90E5-8C4F931E946B}|ActivityLibrary.dll;"
		Debug.AspNetCompiler.VirtualPath = "/WebSite"
		Debug.AspNetCompiler.PhysicalPath = "WebSite\"
		Debug.AspNetCompiler.TargetPath = "PrecompiledWeb\WebSite\"
		Debug.AspNetCompiler.Updateable = "true"
		Debug.AspNetCompiler.ForceOverwrite = "true"
		Debug.AspNetCompiler.FixedNames = "false"
		Debug.AspNetCompiler.Debug = "True"
		Release.AspNetCompiler.VirtualPath = "/WebSite"
		Release.AspNetCompiler.PhysicalPath = "WebSite\"
		Release.AspNetCompiler.TargetPath = "PrecompiledWeb\WebSite\"
		Release.AspNetCompiler.Updateable = "true"
		Release.AspNetCompiler.ForceOverwrite = "true"
		Release.AspNetCompiler.FixedNames = "false"
		Release.AspNetCompiler.Debug = "False"
		DefaultWebSiteLanguage = "Visual C#"
	EndProjectSection
EndProject
Project("{FAE04EC0-301F-11D3-BF4B-00C04F79EFBC}") = "UserDesigner", "WorkFlow\UserDesigner\UserDesigner.csproj", "{EE921519-14EA-4FB9-AD0B-FDD024AC8721}"
EndProject
Project("{FAE04EC0-301F-11D3-BF4B-00C04F79EFBC}") = "WFDesigner", "WorkFlow\WFDesigner\WFDesigner.csproj", "{7200DBFC-0DC6-432E-A7A2-E0F1D9CEA749}"
EndProject
Project("{FAE04EC0-301F-11D3-BF4B-00C04F79EFBC}") = "WorkflowStruct", "WorkFlow\WorkflowStruct\WorkflowStruct.csproj", "{AB020DD7-28EE-4B03-A972-83987EA6638E}"
EndProject
Project("{FAE04EC0-301F-11D3-BF4B-00C04F79EFBC}") = "Engine", "WorkFlow\Engine\Engine.csproj", "{5F69B9D0-23C0-4CC6-8AE2-1D3D4468DAB2}"
EndProject
Project("{FAE04EC0-301F-11D3-BF4B-00C04F79EFBC}") = "Machine", "WorkFlow\Machine\Machine.csproj", "{1376856C-7D01-43DB-89B9-2BF5AB841558}"
EndProject
Project("{FAE04EC0-301F-11D3-BF4B-00C04F79EFBC}") = "Machine.Design", "WorkFlow\Machine.Design\Machine.Design.csproj", "{2A8209C3-243E-4B3B-80C0-9E48164D3254}"
EndProject
Project("{FAE04EC0-301F-11D3-BF4B-00C04F79EFBC}") = "XMLTool", "WorkFlow\XMLTool\XMLTool.csproj", "{242D3549-ACCB-4830-B991-BA24F7E76E9E}"
EndProject
Project("{FAE04EC0-301F-11D3-BF4B-00C04F79EFBC}") = "ActivityLibrary", "WorkFlow\ActivityLibrary\ActivityLibrary.csproj", "{58011CBE-710D-4E35-90E5-8C4F931E946B}"
EndProject
Global
	GlobalSection(SolutionConfigurationPlatforms) = preSolution
		Debug|Any CPU = Debug|Any CPU
		Debug|Mixed Platforms = Debug|Mixed Platforms
		Debug|x86 = Debug|x86
		Release|Any CPU = Release|Any CPU
		Release|Mixed Platforms = Release|Mixed Platforms
		Release|x86 = Release|x86
	EndGlobalSection
	GlobalSection(ProjectConfigurationPlatforms) = postSolution
		{915A9C1E-0D22-433F-A8A3-6DF29F7B1EED}.Debug|Any CPU.ActiveCfg = Debug|x86
		{915A9C1E-0D22-433F-A8A3-6DF29F7B1EED}.Debug|Mixed Platforms.ActiveCfg = Debug|x86
		{915A9C1E-0D22-433F-A8A3-6DF29F7B1EED}.Debug|Mixed Platforms.Build.0 = Debug|x86
		{915A9C1E-0D22-433F-A8A3-6DF29F7B1EED}.Debug|x86.ActiveCfg = Debug|x86
		{915A9C1E-0D22-433F-A8A3-6DF29F7B1EED}.Debug|x86.Build.0 = Debug|x86
		{915A9C1E-0D22-433F-A8A3-6DF29F7B1EED}.Release|Any CPU.ActiveCfg = Release|x86
		{915A9C1E-0D22-433F-A8A3-6DF29F7B1EED}.Release|Mixed Platforms.ActiveCfg = Release|x86
		{915A9C1E-0D22-433F-A8A3-6DF29F7B1EED}.Release|Mixed Platforms.Build.0 = Release|x86
		{915A9C1E-0D22-433F-A8A3-6DF29F7B1EED}.Release|x86.ActiveCfg = Release|x86
		{915A9C1E-0D22-433F-A8A3-6DF29F7B1EED}.Release|x86.Build.0 = Release|x86
		{A2C2571F-E3D2-43D8-A48D-414394147841}.Debug|Any CPU.ActiveCfg = Debug|x86
		{A2C2571F-E3D2-43D8-A48D-414394147841}.Debug|Mixed Platforms.ActiveCfg = Debug|x86
		{A2C2571F-E3D2-43D8-A48D-414394147841}.Debug|Mixed Platforms.Build.0 = Debug|x86
		{A2C2571F-E3D2-43D8-A48D-414394147841}.Debug|x86.ActiveCfg = Debug|x86
		{A2C2571F-E3D2-43D8-A48D-414394147841}.Debug|x86.Build.0 = Debug|x86
		{A2C2571F-E3D2-43D8-A48D-414394147841}.Release|Any CPU.ActiveCfg = Release|x86
		{A2C2571F-E3D2-43D8-A48D-414394147841}.Release|Mixed Platforms.ActiveCfg = Release|x86
		{A2C2571F-E3D2-43D8-A48D-414394147841}.Release|Mixed Platforms.Build.0 = Release|x86
		{A2C2571F-E3D2-43D8-A48D-414394147841}.Release|x86.ActiveCfg = Release|x86
		{A2C2571F-E3D2-43D8-A48D-414394147841}.Release|x86.Build.0 = Release|x86
		{8B33F5B7-0165-427A-92F7-96B48B7DB92A}.Debug|Any CPU.ActiveCfg = Debug|x86
		{8B33F5B7-0165-427A-92F7-96B48B7DB92A}.Debug|Mixed Platforms.ActiveCfg = Debug|x86
		{8B33F5B7-0165-427A-92F7-96B48B7DB92A}.Debug|Mixed Platforms.Build.0 = Debug|x86
		{8B33F5B7-0165-427A-92F7-96B48B7DB92A}.Debug|x86.ActiveCfg = Debug|x86
		{8B33F5B7-0165-427A-92F7-96B48B7DB92A}.Debug|x86.Build.0 = Debug|x86
		{8B33F5B7-0165-427A-92F7-96B48B7DB92A}.Release|Any CPU.ActiveCfg = Release|x86
		{8B33F5B7-0165-427A-92F7-96B48B7DB92A}.Release|Mixed Platforms.ActiveCfg = Release|x86
		{8B33F5B7-0165-427A-92F7-96B48B7DB92A}.Release|Mixed Platforms.Build.0 = Release|x86
		{8B33F5B7-0165-427A-92F7-96B48B7DB92A}.Release|x86.ActiveCfg = Release|x86
		{8B33F5B7-0165-427A-92F7-96B48B7DB92A}.Release|x86.Build.0 = Release|x86
		{B84415E7-C6B0-4C2A-80AB-B00007FD0A04}.Debug|Any CPU.ActiveCfg = Debug|x86
		{B84415E7-C6B0-4C2A-80AB-B00007FD0A04}.Debug|Mixed Platforms.ActiveCfg = Debug|x86
		{B84415E7-C6B0-4C2A-80AB-B00007FD0A04}.Debug|Mixed Platforms.Build.0 = Debug|x86
		{B84415E7-C6B0-4C2A-80AB-B00007FD0A04}.Debug|x86.ActiveCfg = Debug|x86
		{B84415E7-C6B0-4C2A-80AB-B00007FD0A04}.Debug|x86.Build.0 = Debug|x86
		{B84415E7-C6B0-4C2A-80AB-B00007FD0A04}.Release|Any CPU.ActiveCfg = Release|x86
		{B84415E7-C6B0-4C2A-80AB-B00007FD0A04}.Release|Mixed Platforms.ActiveCfg = Release|x86
		{B84415E7-C6B0-4C2A-80AB-B00007FD0A04}.Release|Mixed Platforms.Build.0 = Release|x86
		{B84415E7-C6B0-4C2A-80AB-B00007FD0A04}.Release|x86.ActiveCfg = Release|x86
		{B84415E7-C6B0-4C2A-80AB-B00007FD0A04}.Release|x86.Build.0 = Release|x86
		{2DB40AF1-36E8-476A-9E4B-19712B88C4E0}.Debug|Any CPU.ActiveCfg = Debug|x86
		{2DB40AF1-36E8-476A-9E4B-19712B88C4E0}.Debug|Mixed Platforms.ActiveCfg = Debug|x86
		{2DB40AF1-36E8-476A-9E4B-19712B88C4E0}.Debug|Mixed Platforms.Build.0 = Debug|x86
		{2DB40AF1-36E8-476A-9E4B-19712B88C4E0}.Debug|x86.ActiveCfg = Debug|x86
		{2DB40AF1-36E8-476A-9E4B-19712B88C4E0}.Debug|x86.Build.0 = Debug|x86
		{2DB40AF1-36E8-476A-9E4B-19712B88C4E0}.Release|Any CPU.ActiveCfg = Release|x86
		{2DB40AF1-36E8-476A-9E4B-19712B88C4E0}.Release|Mixed Platforms.ActiveCfg = Release|x86
		{2DB40AF1-36E8-476A-9E4B-19712B88C4E0}.Release|Mixed Platforms.Build.0 = Release|x86
		{2DB40AF1-36E8-476A-9E4B-19712B88C4E0}.Release|x86.ActiveCfg = Release|x86
		{2DB40AF1-36E8-476A-9E4B-19712B88C4E0}.Release|x86.Build.0 = Release|x86
		{91557317-A83A-4911-A336-6168E3B0BCD5}.Debug|Any CPU.ActiveCfg = Debug|Any CPU
		{91557317-A83A-4911-A336-6168E3B0BCD5}.Debug|Any CPU.Build.0 = Debug|Any CPU
		{91557317-A83A-4911-A336-6168E3B0BCD5}.Debug|Mixed Platforms.ActiveCfg = Debug|Any CPU
		{91557317-A83A-4911-A336-6168E3B0BCD5}.Debug|Mixed Platforms.Build.0 = Debug|Any CPU
		{91557317-A83A-4911-A336-6168E3B0BCD5}.Debug|x86.ActiveCfg = Debug|Any CPU
		{91557317-A83A-4911-A336-6168E3B0BCD5}.Release|Any CPU.ActiveCfg = Debug|Any CPU
		{91557317-A83A-4911-A336-6168E3B0BCD5}.Release|Any CPU.Build.0 = Debug|Any CPU
		{91557317-A83A-4911-A336-6168E3B0BCD5}.Release|Mixed Platforms.ActiveCfg = Debug|Any CPU
		{91557317-A83A-4911-A336-6168E3B0BCD5}.Release|Mixed Platforms.Build.0 = Debug|Any CPU
		{91557317-A83A-4911-A336-6168E3B0BCD5}.Release|x86.ActiveCfg = Debug|Any CPU
		{EE921519-14EA-4FB9-AD0B-FDD024AC8721}.Debug|Any CPU.ActiveCfg = Debug|x86
		{EE921519-14EA-4FB9-AD0B-FDD024AC8721}.Debug|Mixed Platforms.ActiveCfg = Debug|x86
		{EE921519-14EA-4FB9-AD0B-FDD024AC8721}.Debug|Mixed Platforms.Build.0 = Debug|x86
		{EE921519-14EA-4FB9-AD0B-FDD024AC8721}.Debug|x86.ActiveCfg = Debug|x86
		{EE921519-14EA-4FB9-AD0B-FDD024AC8721}.Debug|x86.Build.0 = Debug|x86
		{EE921519-14EA-4FB9-AD0B-FDD024AC8721}.Release|Any CPU.ActiveCfg = Release|x86
		{EE921519-14EA-4FB9-AD0B-FDD024AC8721}.Release|Mixed Platforms.ActiveCfg = Release|x86
		{EE921519-14EA-4FB9-AD0B-FDD024AC8721}.Release|Mixed Platforms.Build.0 = Release|x86
		{EE921519-14EA-4FB9-AD0B-FDD024AC8721}.Release|x86.ActiveCfg = Release|x86
		{EE921519-14EA-4FB9-AD0B-FDD024AC8721}.Release|x86.Build.0 = Release|x86
		{7200DBFC-0DC6-432E-A7A2-E0F1D9CEA749}.Debug|Any CPU.ActiveCfg = Debug|x86
		{7200DBFC-0DC6-432E-A7A2-E0F1D9CEA749}.Debug|Mixed Platforms.ActiveCfg = Debug|x86
		{7200DBFC-0DC6-432E-A7A2-E0F1D9CEA749}.Debug|Mixed Platforms.Build.0 = Debug|x86
		{7200DBFC-0DC6-432E-A7A2-E0F1D9CEA749}.Debug|x86.ActiveCfg = Debug|x86
		{7200DBFC-0DC6-432E-A7A2-E0F1D9CEA749}.Debug|x86.Build.0 = Debug|x86
		{7200DBFC-0DC6-432E-A7A2-E0F1D9CEA749}.Release|Any CPU.ActiveCfg = Release|x86
		{7200DBFC-0DC6-432E-A7A2-E0F1D9CEA749}.Release|Mixed Platforms.ActiveCfg = Release|x86
		{7200DBFC-0DC6-432E-A7A2-E0F1D9CEA749}.Release|Mixed Platforms.Build.0 = Release|x86
		{7200DBFC-0DC6-432E-A7A2-E0F1D9CEA749}.Release|x86.ActiveCfg = Release|x86
		{7200DBFC-0DC6-432E-A7A2-E0F1D9CEA749}.Release|x86.Build.0 = Release|x86
		{AB020DD7-28EE-4B03-A972-83987EA6638E}.Debug|Any CPU.ActiveCfg = Debug|Any CPU
		{AB020DD7-28EE-4B03-A972-83987EA6638E}.Debug|Any CPU.Build.0 = Debug|Any CPU
		{AB020DD7-28EE-4B03-A972-83987EA6638E}.Debug|Mixed Platforms.ActiveCfg = Debug|Any CPU
		{AB020DD7-28EE-4B03-A972-83987EA6638E}.Debug|Mixed Platforms.Build.0 = Debug|Any CPU
		{AB020DD7-28EE-4B03-A972-83987EA6638E}.Debug|x86.ActiveCfg = Debug|Any CPU
		{AB020DD7-28EE-4B03-A972-83987EA6638E}.Release|Any CPU.ActiveCfg = Release|Any CPU
		{AB020DD7-28EE-4B03-A972-83987EA6638E}.Release|Any CPU.Build.0 = Release|Any CPU
		{AB020DD7-28EE-4B03-A972-83987EA6638E}.Release|Mixed Platforms.ActiveCfg = Release|Any CPU
		{AB020DD7-28EE-4B03-A972-83987EA6638E}.Release|Mixed Platforms.Build.0 = Release|Any CPU
		{AB020DD7-28EE-4B03-A972-83987EA6638E}.Release|x86.ActiveCfg = Release|Any CPU
		{5F69B9D0-23C0-4CC6-8AE2-1D3D4468DAB2}.Debug|Any CPU.ActiveCfg = Debug|Any CPU
		{5F69B9D0-23C0-4CC6-8AE2-1D3D4468DAB2}.Debug|Any CPU.Build.0 = Debug|Any CPU
		{5F69B9D0-23C0-4CC6-8AE2-1D3D4468DAB2}.Debug|Mixed Platforms.ActiveCfg = Debug|Any CPU
		{5F69B9D0-23C0-4CC6-8AE2-1D3D4468DAB2}.Debug|Mixed Platforms.Build.0 = Debug|Any CPU
		{5F69B9D0-23C0-4CC6-8AE2-1D3D4468DAB2}.Debug|x86.ActiveCfg = Debug|Any CPU
		{5F69B9D0-23C0-4CC6-8AE2-1D3D4468DAB2}.Release|Any CPU.ActiveCfg = Release|Any CPU
		{5F69B9D0-23C0-4CC6-8AE2-1D3D4468DAB2}.Release|Any CPU.Build.0 = Release|Any CPU
		{5F69B9D0-23C0-4CC6-8AE2-1D3D4468DAB2}.Release|Mixed Platforms.ActiveCfg = Release|Any CPU
		{5F69B9D0-23C0-4CC6-8AE2-1D3D4468DAB2}.Release|Mixed Platforms.Build.0 = Release|Any CPU
		{5F69B9D0-23C0-4CC6-8AE2-1D3D4468DAB2}.Release|x86.ActiveCfg = Release|Any CPU
		{1376856C-7D01-43DB-89B9-2BF5AB841558}.Debug|Any CPU.ActiveCfg = Debug|Any CPU
		{1376856C-7D01-43DB-89B9-2BF5AB841558}.Debug|Any CPU.Build.0 = Debug|Any CPU
		{1376856C-7D01-43DB-89B9-2BF5AB841558}.Debug|Mixed Platforms.ActiveCfg = Debug|Any CPU
		{1376856C-7D01-43DB-89B9-2BF5AB841558}.Debug|Mixed Platforms.Build.0 = Debug|Any CPU
		{1376856C-7D01-43DB-89B9-2BF5AB841558}.Debug|x86.ActiveCfg = Debug|Any CPU
		{1376856C-7D01-43DB-89B9-2BF5AB841558}.Release|Any CPU.ActiveCfg = Release|Any CPU
		{1376856C-7D01-43DB-89B9-2BF5AB841558}.Release|Any CPU.Build.0 = Release|Any CPU
		{1376856C-7D01-43DB-89B9-2BF5AB841558}.Release|Mixed Platforms.ActiveCfg = Release|Any CPU
		{1376856C-7D01-43DB-89B9-2BF5AB841558}.Release|Mixed Platforms.Build.0 = Release|Any CPU
		{1376856C-7D01-43DB-89B9-2BF5AB841558}.Release|x86.ActiveCfg = Release|Any CPU
		{2A8209C3-243E-4B3B-80C0-9E48164D3254}.Debug|Any CPU.ActiveCfg = Debug|Any CPU
		{2A8209C3-243E-4B3B-80C0-9E48164D3254}.Debug|Any CPU.Build.0 = Debug|Any CPU
		{2A8209C3-243E-4B3B-80C0-9E48164D3254}.Debug|Mixed Platforms.ActiveCfg = Debug|Any CPU
		{2A8209C3-243E-4B3B-80C0-9E48164D3254}.Debug|Mixed Platforms.Build.0 = Debug|Any CPU
		{2A8209C3-243E-4B3B-80C0-9E48164D3254}.Debug|x86.ActiveCfg = Debug|Any CPU
		{2A8209C3-243E-4B3B-80C0-9E48164D3254}.Release|Any CPU.ActiveCfg = Release|Any CPU
		{2A8209C3-243E-4B3B-80C0-9E48164D3254}.Release|Any CPU.Build.0 = Release|Any CPU
		{2A8209C3-243E-4B3B-80C0-9E48164D3254}.Release|Mixed Platforms.ActiveCfg = Release|Any CPU
		{2A8209C3-243E-4B3B-80C0-9E48164D3254}.Release|Mixed Platforms.Build.0 = Release|Any CPU
		{2A8209C3-243E-4B3B-80C0-9E48164D3254}.Release|x86.ActiveCfg = Release|Any CPU
		{242D3549-ACCB-4830-B991-BA24F7E76E9E}.Debug|Any CPU.ActiveCfg = Debug|Any CPU
		{242D3549-ACCB-4830-B991-BA24F7E76E9E}.Debug|Any CPU.Build.0 = Debug|Any CPU
		{242D3549-ACCB-4830-B991-BA24F7E76E9E}.Debug|Mixed Platforms.ActiveCfg = Debug|Any CPU
		{242D3549-ACCB-4830-B991-BA24F7E76E9E}.Debug|Mixed Platforms.Build.0 = Debug|Any CPU
		{242D3549-ACCB-4830-B991-BA24F7E76E9E}.Debug|x86.ActiveCfg = Debug|Any CPU
		{242D3549-ACCB-4830-B991-BA24F7E76E9E}.Release|Any CPU.ActiveCfg = Release|Any CPU
		{242D3549-ACCB-4830-B991-BA24F7E76E9E}.Release|Any CPU.Build.0 = Release|Any CPU
		{242D3549-ACCB-4830-B991-BA24F7E76E9E}.Release|Mixed Platforms.ActiveCfg = Release|Any CPU
		{242D3549-ACCB-4830-B991-BA24F7E76E9E}.Release|Mixed Platforms.Build.0 = Release|Any CPU
		{242D3549-ACCB-4830-B991-BA24F7E76E9E}.Release|x86.ActiveCfg = Release|Any CPU
		{58011CBE-710D-4E35-90E5-8C4F931E946B}.Debug|Any CPU.ActiveCfg = Debug|Any CPU
		{58011CBE-710D-4E35-90E5-8C4F931E946B}.Debug|Any CPU.Build.0 = Debug|Any CPU
		{58011CBE-710D-4E35-90E5-8C4F931E946B}.Debug|Mixed Platforms.ActiveCfg = Debug|Any CPU
		{58011CBE-710D-4E35-90E5-8C4F931E946B}.Debug|Mixed Platforms.Build.0 = Debug|Any CPU
		{58011CBE-710D-4E35-90E5-8C4F931E946B}.Debug|x86.ActiveCfg = Debug|Any CPU
		{58011CBE-710D-4E35-90E5-8C4F931E946B}.Release|Any CPU.ActiveCfg = Release|Any CPU
		{58011CBE-710D-4E35-90E5-8C4F931E946B}.Release|Any CPU.Build.0 = Release|Any CPU
		{58011CBE-710D-4E35-90E5-8C4F931E946B}.Release|Mixed Platforms.ActiveCfg = Release|Any CPU
		{58011CBE-710D-4E35-90E5-8C4F931E946B}.Release|Mixed Platforms.Build.0 = Release|Any CPU
		{58011CBE-710D-4E35-90E5-8C4F931E946B}.Release|x86.ActiveCfg = Release|Any CPU
	EndGlobalSection
	GlobalSection(SolutionProperties) = preSolution
		HideSolutionNode = FALSE
	EndGlobalSection
	GlobalSection(NestedProjects) = preSolution
		{EE921519-14EA-4FB9-AD0B-FDD024AC8721} = {A0C4CE72-6807-4D54-A6B6-DEAA6253589D}
		{7200DBFC-0DC6-432E-A7A2-E0F1D9CEA749} = {A0C4CE72-6807-4D54-A6B6-DEAA6253589D}
		{AB020DD7-28EE-4B03-A972-83987EA6638E} = {A0C4CE72-6807-4D54-A6B6-DEAA6253589D}
		{5F69B9D0-23C0-4CC6-8AE2-1D3D4468DAB2} = {A0C4CE72-6807-4D54-A6B6-DEAA6253589D}
		{1376856C-7D01-43DB-89B9-2BF5AB841558} = {A0C4CE72-6807-4D54-A6B6-DEAA6253589D}
		{2A8209C3-243E-4B3B-80C0-9E48164D3254} = {A0C4CE72-6807-4D54-A6B6-DEAA6253589D}
		{242D3549-ACCB-4830-B991-BA24F7E76E9E} = {A0C4CE72-6807-4D54-A6B6-DEAA6253589D}
		{58011CBE-710D-4E35-90E5-8C4F931E946B} = {A0C4CE72-6807-4D54-A6B6-DEAA6253589D}
	EndGlobalSection
EndGlobal
